# THIS IS AN AUTOGENERATED FILE. DO NOT EDIT THIS FILE DIRECTLY.
# yarn lockfile v1


"@rbxts/compiler-types@^2.1.0-types.1":
  version "2.1.0-types.1"
  resolved "https://registry.yarnpkg.com/@rbxts/compiler-types/-/compiler-types-2.1.0-types.1.tgz#60eb32109fc2299826fd5d1e8f4e7cfc08d9a5ae"
  integrity sha512-+ztwutzuNivWsgsERiC7n5il4C5gfJUuGJUmXYRq8FwY4ye3aupRi9RocmyAHq6255sO7z+RM61AVbqx3llsLQ==

"@rbxts/types@^1.0.678":
  version "1.0.678"
  resolved "https://registry.yarnpkg.com/@rbxts/types/-/types-1.0.678.tgz#e5e67641c977e4a344b34bf1116003088b8474fd"
  integrity sha512-Vs8NwvMRWPbJF5uOirBQx2CcJRJ4wz/krq4M/JkRukpsA05nbeGtQNXWOcHWtSg76tc+NFZjJ3xVs9QoyvYtrQ==

luabundle@^1.6.0:
  version "1.6.0"
  resolved "https://registry.yarnpkg.com/luabundle/-/luabundle-1.6.0.tgz#08006a759f4bdf2337a137c725fa1b9d412e94a8"
  integrity sha512-WAiumy/R8GZIq4eCkFkOYXjAqxZUphGrKVvr5AG/obflBgV8ltiNLMF8nKbCmZvhR0b94S4rYFKisJ5eYJaRvA==
  dependencies:
    moonsharp-luaparse "^0.2.4"
    tslib "^1"

moonsharp-luaparse@^0.2.4:
  version "0.2.4"
  resolved "https://registry.yarnpkg.com/moonsharp-luaparse/-/moonsharp-luaparse-0.2.4.tgz#c5e640fd001bd2874d5c3bba3c853c5fc1596702"
  integrity sha512-1bkZPHRVJhCzt681KnFxWB5fYQlmcOZuBAlzdcsdTSjDfL//sqjcH2L2bbbgxf/l5s1krpGL8Ba7twT7mdj91Q==

prettier@^2.8.8:
  version "2.8.8"
  resolved "https://registry.yarnpkg.com/prettier/-/prettier-2.8.8.tgz#e8c5d7e98a4305ffe3de2e1fc4aca1a71c28b1da"
  integrity sha512-tdN8qQGvNjw4CHbY+XXk0JgCXn9QiF21a55rBe5LJAU+kDyC4WQn4+awm2Xfk2lQMk5fKup9XgzTZtGkjBdP9Q==

tslib@^1:
  version "1.14.1"
  resolved "https://registry.yarnpkg.com/tslib/-/tslib-1.14.1.tgz#cf2d38bdc34a134bcaf1091c41f6619e2f672d00"
  integrity sha512-Xni35NKzjgMrwevysHTCArtLDpPvye8zV/0E4EyYn43P7/7qvQwPh9BGkHewbMulVntbigmcT7rdX3BNo9wRJg==

typescript@^5.0.4:
  version "5.0.4"
  resolved "https://registry.yarnpkg.com/typescript/-/typescript-5.0.4.tgz#b217fd20119bd61a94d4011274e0ab369058da3b"
  integrity sha512-cW9T5W9xY37cc+jfEnaUvX91foxtHkza3Nw3wkoF4sSlKn0MONdkdEndig/qPBWXNkmplh3NzayQzCiHM4/hqw==
